
Microsoft Visual Studio Solution File, Format Version 12.00
# Visual Studio Version 17
VisualStudioVersion = 17.0.32112.339
MinimumVisualStudioVersion = 10.0.40219.1
Project("{FAE04EC0-301F-11D3-BF4B-00C04F79EFBC}") = "LatihanClassDanObject6503", "LatihanClassDanObject6503.csproj", "{7326D065-132E-4F52-858C-7D14AA1EEDE4}"
EndProject
Global
	GlobalSection(SolutionConfigurationPlatforms) = preSolution
		Debug|Any CPU = Debug|Any CPU
		Release|Any CPU = Release|Any CPU
	EndGlobalSection
	GlobalSection(ProjectConfigurationPlatforms) = postSolution
		{7326D065-132E-4F52-858C-7D14AA1EEDE4}.Debug|Any CPU.ActiveCfg = Debug|Any CPU
		{7326D065-132E-4F52-858C-7D14AA1EEDE4}.Debug|Any CPU.Build.0 = Debug|Any CPU
		{7326D065-132E-4F52-858C-7D14AA1EEDE4}.Release|Any CPU.ActiveCfg = Release|Any CPU
		{7326D065-132E-4F52-858C-7D14AA1EEDE4}.Release|Any CPU.Build.0 = Release|Any CPU
	EndGlobalSection
	GlobalSection(SolutionProperties) = preSolution
		HideSolutionNode = FALSE
	EndGlobalSection
	GlobalSection(ExtensibilityGlobals) = postSolution
		SolutionGuid = {D4ABE643-6BBB-421C-B8D9-33F36E699972}
	EndGlobalSection
EndGlobal
